
Microsoft Visual Studio Solution File, Format Version 12.00
# Visual Studio Version 17
VisualStudioVersion = 17.7.34031.279
MinimumVisualStudioVersion = 10.0.40219.1
Project("{9A19103F-16F7-4668-BE54-9A1E7A4F7556}") = "DigiShop.DataAccess", "DigiShop.DataAccess\DigiShop.DataAccess.csproj", "{9E37A809-E3F2-4B3F-89E1-E5C29F3B60EB}"
EndProject
Project("{9A19103F-16F7-4668-BE54-9A1E7A4F7556}") = "DigiShop.Models", "DigiShop.Models\DigiShop.Models.csproj", "{9866318E-92BE-4ACC-A229-A1AB408E9FC1}"
EndProject
Project("{9A19103F-16F7-4668-BE54-9A1E7A4F7556}") = "DigiShop.Utility", "DigiShop.Utility\DigiShop.Utility.csproj", "{A9863C9F-497E-4562-B4EF-309F05986422}"
EndProject
Project("{9A19103F-16F7-4668-BE54-9A1E7A4F7556}") = "DigiShopWeb", "DigiShopWeb\DigiShopWeb.csproj", "{71D9AD10-9C61-40C8-A911-62F5E7547B2E}"
EndProject
Global
	GlobalSection(SolutionConfigurationPlatforms) = preSolution
		Debug|Any CPU = Debug|Any CPU
		Release|Any CPU = Release|Any CPU
	EndGlobalSection
	GlobalSection(ProjectConfigurationPlatforms) = postSolution
		{9E37A809-E3F2-4B3F-89E1-E5C29F3B60EB}.Debug|Any CPU.ActiveCfg = Debug|Any CPU
		{9E37A809-E3F2-4B3F-89E1-E5C29F3B60EB}.Debug|Any CPU.Build.0 = Debug|Any CPU
		{9E37A809-E3F2-4B3F-89E1-E5C29F3B60EB}.Release|Any CPU.ActiveCfg = Release|Any CPU
		{9E37A809-E3F2-4B3F-89E1-E5C29F3B60EB}.Release|Any CPU.Build.0 = Release|Any CPU
		{9866318E-92BE-4ACC-A229-A1AB408E9FC1}.Debug|Any CPU.ActiveCfg = Debug|Any CPU
		{9866318E-92BE-4ACC-A229-A1AB408E9FC1}.Debug|Any CPU.Build.0 = Debug|Any CPU
		{9866318E-92BE-4ACC-A229-A1AB408E9FC1}.Release|Any CPU.ActiveCfg = Release|Any CPU
		{9866318E-92BE-4ACC-A229-A1AB408E9FC1}.Release|Any CPU.Build.0 = Release|Any CPU
		{A9863C9F-497E-4562-B4EF-309F05986422}.Debug|Any CPU.ActiveCfg = Debug|Any CPU
		{A9863C9F-497E-4562-B4EF-309F05986422}.Debug|Any CPU.Build.0 = Debug|Any CPU
		{A9863C9F-497E-4562-B4EF-309F05986422}.Release|Any CPU.ActiveCfg = Release|Any CPU
		{A9863C9F-497E-4562-B4EF-309F05986422}.Release|Any CPU.Build.0 = Release|Any CPU
		{71D9AD10-9C61-40C8-A911-62F5E7547B2E}.Debug|Any CPU.ActiveCfg = Debug|Any CPU
		{71D9AD10-9C61-40C8-A911-62F5E7547B2E}.Debug|Any CPU.Build.0 = Debug|Any CPU
		{71D9AD10-9C61-40C8-A911-62F5E7547B2E}.Release|Any CPU.ActiveCfg = Release|Any CPU
		{71D9AD10-9C61-40C8-A911-62F5E7547B2E}.Release|Any CPU.Build.0 = Release|Any CPU
	EndGlobalSection
	GlobalSection(SolutionProperties) = preSolution
		HideSolutionNode = FALSE
	EndGlobalSection
	GlobalSection(ExtensibilityGlobals) = postSolution
		SolutionGuid = {7D9A1EB6-2453-44EE-8C4D-595FBCBC0393}
	EndGlobalSection
EndGlobal
